
Microsoft Visual Studio Solution File, Format Version 12.00
# Visual Studio Version 16
VisualStudioVersion = 16.0.29123.88
MinimumVisualStudioVersion = 10.0.40219.1
Project("{888888A0-9F3D-457C-B088-3A5042F75D52}") = "MacSetup", "MacSetup.pyproj", "{C794E082-B5C7-47B0-A702-4D94A1AFF481}"
EndProject
Global
	GlobalSection(SolutionConfigurationPlatforms) = preSolution
		Debug|Any CPU = Debug|Any CPU
		Release|Any CPU = Release|Any CPU
	EndGlobalSection
	GlobalSection(ProjectConfigurationPlatforms) = postSolution
		{C794E082-B5C7-47B0-A702-4D94A1AFF481}.Debug|Any CPU.ActiveCfg = Debug|Any CPU
		{C794E082-B5C7-47B0-A702-4D94A1AFF481}.Release|Any CPU.ActiveCfg = Release|Any CPU
	EndGlobalSection
	GlobalSection(SolutionProperties) = preSolution
		HideSolutionNode = FALSE
	EndGlobalSection
	GlobalSection(ExtensibilityGlobals) = postSolution
		SolutionGuid = {991A215E-A7C4-48E1-8D36-40B5436AFEF3}
	EndGlobalSection
EndGlobal
